
Microsoft Visual Studio Solution File, Format Version 12.00
# Visual Studio Version 16
VisualStudioVersion = 16.0.29926.136
MinimumVisualStudioVersion = 10.0.40219.1
Project("{FAE04EC0-301F-11D3-BF4B-00C04F79EFBC}") = "AsynchronousApp", "AsynchronousApp\AsynchronousApp.csproj", "{FED4D535-B421-4526-8896-5726E1BE5A47}"
EndProject
Global
	GlobalSection(SolutionConfigurationPlatforms) = preSolution
		Debug|Any CPU = Debug|Any CPU
		Release|Any CPU = Release|Any CPU
	EndGlobalSection
	GlobalSection(ProjectConfigurationPlatforms) = postSolution
		{FED4D535-B421-4526-8896-5726E1BE5A47}.Debug|Any CPU.ActiveCfg = Debug|Any CPU
		{FED4D535-B421-4526-8896-5726E1BE5A47}.Debug|Any CPU.Build.0 = Debug|Any CPU
		{FED4D535-B421-4526-8896-5726E1BE5A47}.Release|Any CPU.ActiveCfg = Release|Any CPU
		{FED4D535-B421-4526-8896-5726E1BE5A47}.Release|Any CPU.Build.0 = Release|Any CPU
	EndGlobalSection
	GlobalSection(SolutionProperties) = preSolution
		HideSolutionNode = FALSE
	EndGlobalSection
	GlobalSection(ExtensibilityGlobals) = postSolution
		SolutionGuid = {BA5957D4-4F5B-409A-AC1F-A36F1832A168}
	EndGlobalSection
EndGlobal
